
Microsoft Visual Studio Solution File, Format Version 12.00
# Visual Studio 2012
Project("{FAE04EC0-301F-11D3-BF4B-00C04F79EFBC}") = "troy.algo", "troy.algo\troy.algo.csproj", "{D8124EAF-AA26-4553-B46E-20CF7E21A00B}"
EndProject
Global
	GlobalSection(SolutionConfigurationPlatforms) = preSolution
		Debug|Any CPU = Debug|Any CPU
		Release|Any CPU = Release|Any CPU
	EndGlobalSection
	GlobalSection(ProjectConfigurationPlatforms) = postSolution
		{D8124EAF-AA26-4553-B46E-20CF7E21A00B}.Debug|Any CPU.ActiveCfg = Debug|Any CPU
		{D8124EAF-AA26-4553-B46E-20CF7E21A00B}.Debug|Any CPU.Build.0 = Debug|Any CPU
		{D8124EAF-AA26-4553-B46E-20CF7E21A00B}.Release|Any CPU.ActiveCfg = Release|Any CPU
		{D8124EAF-AA26-4553-B46E-20CF7E21A00B}.Release|Any CPU.Build.0 = Release|Any CPU
	EndGlobalSection
	GlobalSection(SolutionProperties) = preSolution
		HideSolutionNode = FALSE
	EndGlobalSection
EndGlobal
